# THIS IS AN AUTOGENERATED FILE. DO NOT EDIT THIS FILE DIRECTLY.
# yarn lockfile v1


buffer-from@^1.0.0:
  version "1.1.2"
  resolved "https://registry.yarnpkg.com/buffer-from/-/buffer-from-1.1.2.tgz#2b146a6fd72e80b4f55d255f35ed59a3a9a41bd5"
  integrity sha512-E+XQCRwSbaaiChtv6k6Dwgc+bx+Bs6vuKJHHl5kox/BaKbhiXzqQOwK4cO22yElGp2OCmjwVhT3HmxgyPGnJfQ==

bundt@^1.1.5:
  version "1.1.5"
  resolved "https://registry.yarnpkg.com/bundt/-/bundt-1.1.5.tgz#0b5a737e6b742608b348a51a14ff5a356c2f5542"
  integrity sha512-ROl3LJ3giqU1n2rv4dRcyjUN6M3fA8vxPM7oU5+VFAAn38Z9nkbzhpLAykc4+qVz5GhaC8DgVnVy3Q8mjO1Gsg==
  dependencies:
    kleur "^4.0.0"
    mk-dirs "^3.0.0"
    rewrite-imports "^3.0.0"
    terser "^4.8.0"

commander@^2.20.0:
  version "2.20.3"
  resolved "https://registry.yarnpkg.com/commander/-/commander-2.20.3.tgz#fd485e84c03eb4881c20722ba48035e8531aeb33"
  integrity sha512-GpVkmM8vF2vQUkj2LvZmD35JxeJOLCwJ9cUkugyk2nuhbv3+mJvpLYYt+0+USMxE+oj+ey/lJEnhZw75x/OMcQ==

kleur@^4.0.0:
  version "4.1.5"
  resolved "https://registry.yarnpkg.com/kleur/-/kleur-4.1.5.tgz#95106101795f7050c6c650f350c683febddb1780"
  integrity sha512-o+NO+8WrRiQEE4/7nwRJhN1HWpVmJm511pBHUxPLtp0BUISzlBplORYSmTclCnJvQq2tKu/sgl3xVpkc7ZWuQQ==

mk-dirs@^3.0.0:
  version "3.0.0"
  resolved "https://registry.yarnpkg.com/mk-dirs/-/mk-dirs-3.0.0.tgz#1a0296e04ae5c2e5063db4089907efbdff79b7c4"
  integrity sha512-FEZDdUFb88hgdnsfAPa4VxcPVOd+8GyZ2jsI965im5bjBlBYhrvXuTqLka/UHa6YdUNN/kZBsVgofhZ3322AJw==

rewrite-imports@^3.0.0:
  version "3.0.0"
  resolved "https://registry.yarnpkg.com/rewrite-imports/-/rewrite-imports-3.0.0.tgz#4a5b921bbfa8030fd50c86d609b53432585a16bf"
  integrity sha512-RClzg1cUfYLYkQadcrjgih8+CqJDKOP3OIWGkFE+e5n71085QnOwghzLPonEe1gG6iblCVJ8lHGFtd+n8wj3Hg==

source-map-support@~0.5.12:
  version "0.5.21"
  resolved "https://registry.yarnpkg.com/source-map-support/-/source-map-support-0.5.21.tgz#04fe7c7f9e1ed2d662233c28cb2b35b9f63f6e4f"
  integrity sha512-uBHU3L3czsIyYXKX88fdrGovxdSCoTGDRZ6SYXtSRxLZUzHg5P/66Ht6uoUlHu9EZod+inXhKo3qQgwXUT/y1w==
  dependencies:
    buffer-from "^1.0.0"
    source-map "^0.6.0"

source-map@^0.6.0, source-map@~0.6.1:
  version "0.6.1"
  resolved "https://registry.yarnpkg.com/source-map/-/source-map-0.6.1.tgz#74722af32e9614e9c287a8d0bbde48b5e2f1a263"
  integrity sha512-UjgapumWlbMhkBgzT7Ykc5YXUT46F0iKu8SGXq0bcwP5dz/h0Plj6enJqjz1Zbq2l5WaqYnrVbwWOWMyF3F47g==

terser@^4.8.0:
  version "4.8.1"
  resolved "https://registry.yarnpkg.com/terser/-/terser-4.8.1.tgz#a00e5634562de2239fd404c649051bf6fc21144f"
  integrity sha512-4GnLC0x667eJG0ewJTa6z/yXrbLGv80D9Ru6HIpCQmO+Q4PfEtBFi0ObSckqwL6VyQv/7ENJieXHo2ANmdQwgw==
  dependencies:
    commander "^2.20.0"
    source-map "~0.6.1"
    source-map-support "~0.5.12"
